
Microsoft Visual Studio Solution File, Format Version 12.00
# Visual Studio 15
VisualStudioVersion = 15.0.28010.2016
MinimumVisualStudioVersion = 10.0.40219.1
Project("{FAE04EC0-301F-11D3-BF4B-00C04F79EFBC}") = "Entidades2.0", "Entidades2.0.csproj", "{3817A75C-D8A4-40E3-B8F5-9F902595045D}"
EndProject
Global
	GlobalSection(SolutionConfigurationPlatforms) = preSolution
		Debug|Any CPU = Debug|Any CPU
		Release|Any CPU = Release|Any CPU
	EndGlobalSection
	GlobalSection(ProjectConfigurationPlatforms) = postSolution
		{3817A75C-D8A4-40E3-B8F5-9F902595045D}.Debug|Any CPU.ActiveCfg = Debug|Any CPU
		{3817A75C-D8A4-40E3-B8F5-9F902595045D}.Debug|Any CPU.Build.0 = Debug|Any CPU
		{3817A75C-D8A4-40E3-B8F5-9F902595045D}.Release|Any CPU.ActiveCfg = Release|Any CPU
		{3817A75C-D8A4-40E3-B8F5-9F902595045D}.Release|Any CPU.Build.0 = Release|Any CPU
	EndGlobalSection
	GlobalSection(SolutionProperties) = preSolution
		HideSolutionNode = FALSE
	EndGlobalSection
	GlobalSection(ExtensibilityGlobals) = postSolution
		SolutionGuid = {60D87EE9-7C69-4B82-84D1-A4BEAA0D3416}
	EndGlobalSection
EndGlobal
